PackratFormat: 1.4
PackratVersion: 0.8.1
RVersion: 4.2.1
Repos: CRAN=https://cloud.r-project.org

Package: glue
Source: CRAN
Version: 1.6.2
Hash: 830d10f9f46e05aadfe458d2d31849e7

Package: magrittr
Source: CRAN
Version: 2.0.3
Hash: b323532bfd2fe948d0eb19afa866cb12

Package: packrat
Source: CRAN
Version: 0.8.1
Hash: 502257b0c1ef1db0274ea5ecdec3c9ab

Package: stringi
Source: CRAN
Version: 1.7.6
Hash: 81acb1046bfde93c2f07f71fb7dc2360

Package: stringr
Source: CRAN
Version: 1.4.0
Hash: 67da32dbb2a7a16f2ef124336358e54a
Requires: glue, magrittr, stringi
